PODS:
  - PusherChatkit (0.10.3):
    - PusherPlatform (~> 0.6.2)
  - PusherPlatform (0.6.2)
  - SideNavigation (1.1.3)
  - SnapKit (4.0.0)

DEPENDENCIES:
  - PusherChatkit
  - SideNavigation (= 1.1.3)
  - SnapKit

SPEC REPOS:
  https://github.com/cocoapods/specs.git:
    - PusherChatkit
    - PusherPlatform
    - SideNavigation
    - SnapKit

SPEC CHECKSUMS:
  PusherChatkit: 740a51afa1ea8993241c61dec648d77dd5565aff
  PusherPlatform: f4380cd85376e27f89bf7c41323908c019099ebf
  SideNavigation: b9a36b7a8c2d2a1a24b99d6786cd519267dff272
  SnapKit: a42d492c16e80209130a3379f73596c3454b7694

PODFILE CHECKSUM: 77a9032220094e23dd4d766f748bcf15880041ed

COCOAPODS: 1.5.3
